
Microsoft Visual Studio Solution File, Format Version 12.00
# Visual Studio Version 16
VisualStudioVersion = 16.0.29509.3
MinimumVisualStudioVersion = 10.0.40219.1
Project("{9A19103F-16F7-4668-BE54-9A1E7A4F7556}") = "Bizon360", "IndrivoPM\Bizon360.csproj", "{060564E7-0AB6-42A3-A50D-78AEA0A8730C}"
EndProject
Project("{2150E333-8FDC-42A3-9474-1A3956D46DE8}") = "1. Utilities", "1. Utilities", "{E8A85A4E-7BAA-40E6-B649-BD7AFE41D710}"
EndProject
Project("{2150E333-8FDC-42A3-9474-1A3956D46DE8}") = "Tests", "Tests", "{135B8DC3-DC3F-4FB1-99F2-4F2254F877D7}"
EndProject
Project("{9A19103F-16F7-4668-BE54-9A1E7A4F7556}") = "Gear.Common", "IndrivoPM.Common\Gear.Common.csproj", "{8E705F3D-2357-46C7-9E9D-D62B58FC1B16}"
EndProject
Project("{9A19103F-16F7-4668-BE54-9A1E7A4F7556}") = "Gear.Domain", "IndrivoPM.Domain\Gear.Domain.csproj", "{E993416C-7EA3-4DE8-844A-24EF272C49D0}"
EndProject
Project("{9A19103F-16F7-4668-BE54-9A1E7A4F7556}") = "Gear.Persistence", "IndrivoPM.Persistence\Gear.Persistence.csproj", "{02C52DD5-5755-423A-B8AF-25D858D9A2F1}"
EndProject
Project("{2150E333-8FDC-42A3-9474-1A3956D46DE8}") = "5. Clients", "5. Clients", "{2FED216F-B800-4FCB-8FBD-35F893636AE3}"
EndProject
Project("{9A19103F-16F7-4668-BE54-9A1E7A4F7556}") = "Gear.Manager.Core", "IndrivoPM.Application\Gear.Manager.Core.csproj", "{EB18EDE1-61B3-4617-9070-23D98D977349}"
EndProject
Project("{9A19103F-16F7-4668-BE54-9A1E7A4F7556}") = "Gear.Pm.Persistence.Config", "Gear.Pm.Persistence.Config\Gear.Pm.Persistence.Config.csproj", "{DAAA6442-2EC0-4567-911A-A53CFB155B84}"
EndProject
Project("{9A19103F-16F7-4668-BE54-9A1E7A4F7556}") = "Gear.Crm.Persistence.Config", "Gear.Crm.Persistence.Config\Gear.Crm.Persistence.Config.csproj", "{AF887FC9-6261-4744-AEEE-2CD8868E42F9}"
EndProject
Project("{9A19103F-16F7-4668-BE54-9A1E7A4F7556}") = "Gear.Hrm.Persistence.Config", "Gear.Hrm.Persistence.Config\Gear.Hrm.Persistence.Config.csproj", "{505F0B6F-FE19-4AC4-99C1-88CB9483A498}"
EndProject
Project("{9A19103F-16F7-4668-BE54-9A1E7A4F7556}") = "Gear.CloudStorage.Abstractions", "Gear.CloudStorage.Abstractions\Gear.CloudStorage.Abstractions.csproj", "{4CD799C7-64EA-4D23-9B5A-9DEE01EC854C}"
EndProject
Project("{9A19103F-16F7-4668-BE54-9A1E7A4F7556}") = "Gear.OneDriveCloudStorage", "Gear.OneDriveCloudStorage\Gear.OneDriveCloudStorage.csproj", "{76C6A19D-CD31-4AF5-9B62-D097F9E483E6}"
EndProject
Project("{9A19103F-16F7-4668-BE54-9A1E7A4F7556}") = "Gear.Notifications", "Modules\Notifications\Gear.Notifications\Gear.Notifications\Gear.Notifications.csproj", "{38370971-3F1D-4304-BAE8-E0D4D3DAD6E7}"
EndProject
Project("{9A19103F-16F7-4668-BE54-9A1E7A4F7556}") = "Gear.Notifications.Abstractions", "Modules\Notifications\Gear.Notifications\Gear.Notifications.Abstractions\Gear.Notifications.Abstractions.csproj", "{4A65EA21-B479-416D-9B5C-A8AF93EA593D}"
EndProject
Project("{9A19103F-16F7-4668-BE54-9A1E7A4F7556}") = "Gear.Sstp.Abstractions", "Gear.Sstp.Abstractions\Gear.Sstp.Abstractions.csproj", "{A1304983-104A-4877-947F-A9B0B32B2FF8}"
EndProject
Project("{9A19103F-16F7-4668-BE54-9A1E7A4F7556}") = "Gear.Sstp.Config", "Gear.Sstp.Config\Gear.Sstp.Config.csproj", "{FD51586A-80C0-45C5-928D-5E4F24B37E81}"
EndProject
Project("{2150E333-8FDC-42A3-9474-1A3956D46DE8}") = "Unit", "Unit", "{55F4651B-4F68-4DED-9063-8EE9848E9C7F}"
EndProject
Project("{2150E333-8FDC-42A3-9474-1A3956D46DE8}") = "Integration", "Integration", "{55969202-8FE1-4C7D-B2AC-9B045699C776}"
EndProject
Project("{9A19103F-16F7-4668-BE54-9A1E7A4F7556}") = "Gear.Localizer", "Gear.Localizer\Gear.Localizer.csproj", "{D0EBB168-4A22-4D4F-9E7F-9D033B66EA39}"
EndProject
Project("{9A19103F-16F7-4668-BE54-9A1E7A4F7556}") = "Gear.Identity.Permissions", "Gear.Identity.Permissions.Abstraction\Gear.Identity.Permissions.csproj", "{3C24D7A3-F7F0-4053-8FF0-51FA8AEFB4C5}"
EndProject
Project("{9A19103F-16F7-4668-BE54-9A1E7A4F7556}") = "Gear.Identity.Permissions.Config", "Gear.Identity.Permissions.Config\Gear.Identity.Permissions.Config.csproj", "{25ABAC28-B715-4394-B268-E1FF8B62ADC3}"
EndProject
Project("{9A19103F-16F7-4668-BE54-9A1E7A4F7556}") = "Gear.MailSender", "Gear.MailSender\Gear.MailSender.csproj", "{1C0C28DD-0677-4221-B17D-E2042C710557}"
EndProject
Project("{9A19103F-16F7-4668-BE54-9A1E7A4F7556}") = "Gear.ProjectManagement.Manager", "Gear.ProjectManagement.Application\Gear.ProjectManagement.Manager.csproj", "{F83EEB62-8DB3-4D2B-A101-38FD32EB6B76}"
EndProject
Project("{9A19103F-16F7-4668-BE54-9A1E7A4F7556}") = "Gear.Identity.Manager", "Gear.Identity.Application\Gear.Identity.Manager.csproj", "{1B920AE1-1094-4B3D-87C2-4878DBA9445C}"
EndProject
Project("{2150E333-8FDC-42A3-9474-1A3956D46DE8}") = "2. Accessors", "2. Accessors", "{84BFA5AF-8E07-4D2A-A1A5-79E886BDAF2F}"
EndProject
Project("{2150E333-8FDC-42A3-9474-1A3956D46DE8}") = "4. Managers", "4. Managers", "{A45C48C4-B44F-49ED-B460-0F3AE67F3DE7}"
EndProject
Project("{2150E333-8FDC-42A3-9474-1A3956D46DE8}") = "3. Engines", "3. Engines", "{7C8294FA-51F3-4132-B944-B1CABD3EB521}"
EndProject
Project("{2150E333-8FDC-42A3-9474-1A3956D46DE8}") = "Entity Framework Infrastructure", "Entity Framework Infrastructure", "{51B964A6-B01C-4C32-9DF1-A2D001BB3D0F}"
EndProject
Project("{9A19103F-16F7-4668-BE54-9A1E7A4F7556}") = "OneDriveCloudStorage.IntegrationTests", "OneDriveCloudStorage.IntegrationTests\OneDriveCloudStorage.IntegrationTests.csproj", "{1A2CC735-2DF0-4777-821F-93028BE7C570}"
EndProject
Project("{9A19103F-16F7-4668-BE54-9A1E7A4F7556}") = "Gear.DynamicReporting.Abstractions", "Gear.DynamicReporting\Gear.DynamicReporting.Abstractions.csproj", "{34982540-9682-4286-B4E7-2EA9722971BF}"
EndProject
Project("{9A19103F-16F7-4668-BE54-9A1E7A4F7556}") = "Gear.DynamicReporting.ProjectManagement", "Gear.DynamicReporting.ProjectManagement\Gear.DynamicReporting.ProjectManagement.csproj", "{A76F23D4-93A2-481E-A662-57CC4191700E}"
EndProject
Project("{9A19103F-16F7-4668-BE54-9A1E7A4F7556}") = "Gear.DynamicReporting.Config", "Gear.DynamicReporting.Config\Gear.DynamicReporting.Config.csproj", "{DBB4ED28-F5F8-4C10-A311-CD802834D153}"
EndProject
Global
	GlobalSection(SolutionConfigurationPlatforms) = preSolution
		Debug|Any CPU = Debug|Any CPU
		Release|Any CPU = Release|Any CPU
	EndGlobalSection
	GlobalSection(ProjectConfigurationPlatforms) = postSolution
		{060564E7-0AB6-42A3-A50D-78AEA0A8730C}.Debug|Any CPU.ActiveCfg = Debug|Any CPU
		{060564E7-0AB6-42A3-A50D-78AEA0A8730C}.Debug|Any CPU.Build.0 = Debug|Any CPU
		{060564E7-0AB6-42A3-A50D-78AEA0A8730C}.Release|Any CPU.ActiveCfg = Release|Any CPU
		{060564E7-0AB6-42A3-A50D-78AEA0A8730C}.Release|Any CPU.Build.0 = Release|Any CPU
		{8E705F3D-2357-46C7-9E9D-D62B58FC1B16}.Debug|Any CPU.ActiveCfg = Debug|Any CPU
		{8E705F3D-2357-46C7-9E9D-D62B58FC1B16}.Debug|Any CPU.Build.0 = Debug|Any CPU
		{8E705F3D-2357-46C7-9E9D-D62B58FC1B16}.Release|Any CPU.ActiveCfg = Release|Any CPU
		{8E705F3D-2357-46C7-9E9D-D62B58FC1B16}.Release|Any CPU.Build.0 = Release|Any CPU
		{E993416C-7EA3-4DE8-844A-24EF272C49D0}.Debug|Any CPU.ActiveCfg = Debug|Any CPU
		{E993416C-7EA3-4DE8-844A-24EF272C49D0}.Debug|Any CPU.Build.0 = Debug|Any CPU
		{E993416C-7EA3-4DE8-844A-24EF272C49D0}.Release|Any CPU.ActiveCfg = Release|Any CPU
		{E993416C-7EA3-4DE8-844A-24EF272C49D0}.Release|Any CPU.Build.0 = Release|Any CPU
		{02C52DD5-5755-423A-B8AF-25D858D9A2F1}.Debug|Any CPU.ActiveCfg = Debug|Any CPU
		{02C52DD5-5755-423A-B8AF-25D858D9A2F1}.Debug|Any CPU.Build.0 = Debug|Any CPU
		{02C52DD5-5755-423A-B8AF-25D858D9A2F1}.Release|Any CPU.ActiveCfg = Release|Any CPU
		{02C52DD5-5755-423A-B8AF-25D858D9A2F1}.Release|Any CPU.Build.0 = Release|Any CPU
		{EB18EDE1-61B3-4617-9070-23D98D977349}.Debug|Any CPU.ActiveCfg = Debug|Any CPU
		{EB18EDE1-61B3-4617-9070-23D98D977349}.Debug|Any CPU.Build.0 = Debug|Any CPU
		{EB18EDE1-61B3-4617-9070-23D98D977349}.Release|Any CPU.ActiveCfg = Release|Any CPU
		{EB18EDE1-61B3-4617-9070-23D98D977349}.Release|Any CPU.Build.0 = Release|Any CPU
		{DAAA6442-2EC0-4567-911A-A53CFB155B84}.Debug|Any CPU.ActiveCfg = Debug|Any CPU
		{DAAA6442-2EC0-4567-911A-A53CFB155B84}.Debug|Any CPU.Build.0 = Debug|Any CPU
		{DAAA6442-2EC0-4567-911A-A53CFB155B84}.Release|Any CPU.ActiveCfg = Release|Any CPU
		{DAAA6442-2EC0-4567-911A-A53CFB155B84}.Release|Any CPU.Build.0 = Release|Any CPU
		{AF887FC9-6261-4744-AEEE-2CD8868E42F9}.Debug|Any CPU.ActiveCfg = Debug|Any CPU
		{AF887FC9-6261-4744-AEEE-2CD8868E42F9}.Debug|Any CPU.Build.0 = Debug|Any CPU
		{AF887FC9-6261-4744-AEEE-2CD8868E42F9}.Release|Any CPU.ActiveCfg = Release|Any CPU
		{AF887FC9-6261-4744-AEEE-2CD8868E42F9}.Release|Any CPU.Build.0 = Release|Any CPU
		{505F0B6F-FE19-4AC4-99C1-88CB9483A498}.Debug|Any CPU.ActiveCfg = Debug|Any CPU
		{505F0B6F-FE19-4AC4-99C1-88CB9483A498}.Debug|Any CPU.Build.0 = Debug|Any CPU
		{505F0B6F-FE19-4AC4-99C1-88CB9483A498}.Release|Any CPU.ActiveCfg = Release|Any CPU
		{505F0B6F-FE19-4AC4-99C1-88CB9483A498}.Release|Any CPU.Build.0 = Release|Any CPU
		{4CD799C7-64EA-4D23-9B5A-9DEE01EC854C}.Debug|Any CPU.ActiveCfg = Debug|Any CPU
		{4CD799C7-64EA-4D23-9B5A-9DEE01EC854C}.Debug|Any CPU.Build.0 = Debug|Any CPU
		{4CD799C7-64EA-4D23-9B5A-9DEE01EC854C}.Release|Any CPU.ActiveCfg = Release|Any CPU
		{4CD799C7-64EA-4D23-9B5A-9DEE01EC854C}.Release|Any CPU.Build.0 = Release|Any CPU
		{76C6A19D-CD31-4AF5-9B62-D097F9E483E6}.Debug|Any CPU.ActiveCfg = Debug|Any CPU
		{76C6A19D-CD31-4AF5-9B62-D097F9E483E6}.Debug|Any CPU.Build.0 = Debug|Any CPU
		{76C6A19D-CD31-4AF5-9B62-D097F9E483E6}.Release|Any CPU.ActiveCfg = Release|Any CPU
		{76C6A19D-CD31-4AF5-9B62-D097F9E483E6}.Release|Any CPU.Build.0 = Release|Any CPU
		{38370971-3F1D-4304-BAE8-E0D4D3DAD6E7}.Debug|Any CPU.ActiveCfg = Debug|Any CPU
		{38370971-3F1D-4304-BAE8-E0D4D3DAD6E7}.Debug|Any CPU.Build.0 = Debug|Any CPU
		{38370971-3F1D-4304-BAE8-E0D4D3DAD6E7}.Release|Any CPU.ActiveCfg = Release|Any CPU
		{38370971-3F1D-4304-BAE8-E0D4D3DAD6E7}.Release|Any CPU.Build.0 = Release|Any CPU
		{4A65EA21-B479-416D-9B5C-A8AF93EA593D}.Debug|Any CPU.ActiveCfg = Debug|Any CPU
		{4A65EA21-B479-416D-9B5C-A8AF93EA593D}.Debug|Any CPU.Build.0 = Debug|Any CPU
		{4A65EA21-B479-416D-9B5C-A8AF93EA593D}.Release|Any CPU.ActiveCfg = Release|Any CPU
		{4A65EA21-B479-416D-9B5C-A8AF93EA593D}.Release|Any CPU.Build.0 = Release|Any CPU
		{A1304983-104A-4877-947F-A9B0B32B2FF8}.Debug|Any CPU.ActiveCfg = Debug|Any CPU
		{A1304983-104A-4877-947F-A9B0B32B2FF8}.Debug|Any CPU.Build.0 = Debug|Any CPU
		{A1304983-104A-4877-947F-A9B0B32B2FF8}.Release|Any CPU.ActiveCfg = Release|Any CPU
		{A1304983-104A-4877-947F-A9B0B32B2FF8}.Release|Any CPU.Build.0 = Release|Any CPU
		{FD51586A-80C0-45C5-928D-5E4F24B37E81}.Debug|Any CPU.ActiveCfg = Debug|Any CPU
		{FD51586A-80C0-45C5-928D-5E4F24B37E81}.Debug|Any CPU.Build.0 = Debug|Any CPU
		{FD51586A-80C0-45C5-928D-5E4F24B37E81}.Release|Any CPU.ActiveCfg = Release|Any CPU
		{FD51586A-80C0-45C5-928D-5E4F24B37E81}.Release|Any CPU.Build.0 = Release|Any CPU
		{D0EBB168-4A22-4D4F-9E7F-9D033B66EA39}.Debug|Any CPU.ActiveCfg = Debug|Any CPU
		{D0EBB168-4A22-4D4F-9E7F-9D033B66EA39}.Debug|Any CPU.Build.0 = Debug|Any CPU
		{D0EBB168-4A22-4D4F-9E7F-9D033B66EA39}.Release|Any CPU.ActiveCfg = Release|Any CPU
		{D0EBB168-4A22-4D4F-9E7F-9D033B66EA39}.Release|Any CPU.Build.0 = Release|Any CPU
		{3C24D7A3-F7F0-4053-8FF0-51FA8AEFB4C5}.Debug|Any CPU.ActiveCfg = Debug|Any CPU
		{3C24D7A3-F7F0-4053-8FF0-51FA8AEFB4C5}.Debug|Any CPU.Build.0 = Debug|Any CPU
		{3C24D7A3-F7F0-4053-8FF0-51FA8AEFB4C5}.Release|Any CPU.ActiveCfg = Release|Any CPU
		{3C24D7A3-F7F0-4053-8FF0-51FA8AEFB4C5}.Release|Any CPU.Build.0 = Release|Any CPU
		{25ABAC28-B715-4394-B268-E1FF8B62ADC3}.Debug|Any CPU.ActiveCfg = Debug|Any CPU
		{25ABAC28-B715-4394-B268-E1FF8B62ADC3}.Debug|Any CPU.Build.0 = Debug|Any CPU
		{25ABAC28-B715-4394-B268-E1FF8B62ADC3}.Release|Any CPU.ActiveCfg = Release|Any CPU
		{25ABAC28-B715-4394-B268-E1FF8B62ADC3}.Release|Any CPU.Build.0 = Release|Any CPU
		{1C0C28DD-0677-4221-B17D-E2042C710557}.Debug|Any CPU.ActiveCfg = Debug|Any CPU
		{1C0C28DD-0677-4221-B17D-E2042C710557}.Debug|Any CPU.Build.0 = Debug|Any CPU
		{1C0C28DD-0677-4221-B17D-E2042C710557}.Release|Any CPU.ActiveCfg = Release|Any CPU
		{1C0C28DD-0677-4221-B17D-E2042C710557}.Release|Any CPU.Build.0 = Release|Any CPU
		{F83EEB62-8DB3-4D2B-A101-38FD32EB6B76}.Debug|Any CPU.ActiveCfg = Debug|Any CPU
		{F83EEB62-8DB3-4D2B-A101-38FD32EB6B76}.Debug|Any CPU.Build.0 = Debug|Any CPU
		{F83EEB62-8DB3-4D2B-A101-38FD32EB6B76}.Release|Any CPU.ActiveCfg = Release|Any CPU
		{F83EEB62-8DB3-4D2B-A101-38FD32EB6B76}.Release|Any CPU.Build.0 = Release|Any CPU
		{1B920AE1-1094-4B3D-87C2-4878DBA9445C}.Debug|Any CPU.ActiveCfg = Debug|Any CPU
		{1B920AE1-1094-4B3D-87C2-4878DBA9445C}.Debug|Any CPU.Build.0 = Debug|Any CPU
		{1B920AE1-1094-4B3D-87C2-4878DBA9445C}.Release|Any CPU.ActiveCfg = Release|Any CPU
		{1B920AE1-1094-4B3D-87C2-4878DBA9445C}.Release|Any CPU.Build.0 = Release|Any CPU
		{1A2CC735-2DF0-4777-821F-93028BE7C570}.Debug|Any CPU.ActiveCfg = Debug|Any CPU
		{1A2CC735-2DF0-4777-821F-93028BE7C570}.Debug|Any CPU.Build.0 = Debug|Any CPU
		{1A2CC735-2DF0-4777-821F-93028BE7C570}.Release|Any CPU.ActiveCfg = Release|Any CPU
		{1A2CC735-2DF0-4777-821F-93028BE7C570}.Release|Any CPU.Build.0 = Release|Any CPU
		{34982540-9682-4286-B4E7-2EA9722971BF}.Debug|Any CPU.ActiveCfg = Debug|Any CPU
		{34982540-9682-4286-B4E7-2EA9722971BF}.Debug|Any CPU.Build.0 = Debug|Any CPU
		{34982540-9682-4286-B4E7-2EA9722971BF}.Release|Any CPU.ActiveCfg = Release|Any CPU
		{34982540-9682-4286-B4E7-2EA9722971BF}.Release|Any CPU.Build.0 = Release|Any CPU
		{A76F23D4-93A2-481E-A662-57CC4191700E}.Debug|Any CPU.ActiveCfg = Debug|Any CPU
		{A76F23D4-93A2-481E-A662-57CC4191700E}.Debug|Any CPU.Build.0 = Debug|Any CPU
		{A76F23D4-93A2-481E-A662-57CC4191700E}.Release|Any CPU.ActiveCfg = Release|Any CPU
		{A76F23D4-93A2-481E-A662-57CC4191700E}.Release|Any CPU.Build.0 = Release|Any CPU
		{DBB4ED28-F5F8-4C10-A311-CD802834D153}.Debug|Any CPU.ActiveCfg = Debug|Any CPU
		{DBB4ED28-F5F8-4C10-A311-CD802834D153}.Debug|Any CPU.Build.0 = Debug|Any CPU
		{DBB4ED28-F5F8-4C10-A311-CD802834D153}.Release|Any CPU.ActiveCfg = Release|Any CPU
		{DBB4ED28-F5F8-4C10-A311-CD802834D153}.Release|Any CPU.Build.0 = Release|Any CPU
	EndGlobalSection
	GlobalSection(SolutionProperties) = preSolution
		HideSolutionNode = FALSE
	EndGlobalSection
	GlobalSection(NestedProjects) = preSolution
		{060564E7-0AB6-42A3-A50D-78AEA0A8730C} = {2FED216F-B800-4FCB-8FBD-35F893636AE3}
		{8E705F3D-2357-46C7-9E9D-D62B58FC1B16} = {E8A85A4E-7BAA-40E6-B649-BD7AFE41D710}
		{E993416C-7EA3-4DE8-844A-24EF272C49D0} = {84BFA5AF-8E07-4D2A-A1A5-79E886BDAF2F}
		{02C52DD5-5755-423A-B8AF-25D858D9A2F1} = {51B964A6-B01C-4C32-9DF1-A2D001BB3D0F}
		{EB18EDE1-61B3-4617-9070-23D98D977349} = {A45C48C4-B44F-49ED-B460-0F3AE67F3DE7}
		{DAAA6442-2EC0-4567-911A-A53CFB155B84} = {51B964A6-B01C-4C32-9DF1-A2D001BB3D0F}
		{AF887FC9-6261-4744-AEEE-2CD8868E42F9} = {51B964A6-B01C-4C32-9DF1-A2D001BB3D0F}
		{505F0B6F-FE19-4AC4-99C1-88CB9483A498} = {51B964A6-B01C-4C32-9DF1-A2D001BB3D0F}
		{4CD799C7-64EA-4D23-9B5A-9DEE01EC854C} = {E8A85A4E-7BAA-40E6-B649-BD7AFE41D710}
		{76C6A19D-CD31-4AF5-9B62-D097F9E483E6} = {7C8294FA-51F3-4132-B944-B1CABD3EB521}
		{38370971-3F1D-4304-BAE8-E0D4D3DAD6E7} = {7C8294FA-51F3-4132-B944-B1CABD3EB521}
		{4A65EA21-B479-416D-9B5C-A8AF93EA593D} = {E8A85A4E-7BAA-40E6-B649-BD7AFE41D710}
		{A1304983-104A-4877-947F-A9B0B32B2FF8} = {E8A85A4E-7BAA-40E6-B649-BD7AFE41D710}
		{FD51586A-80C0-45C5-928D-5E4F24B37E81} = {51B964A6-B01C-4C32-9DF1-A2D001BB3D0F}
		{55F4651B-4F68-4DED-9063-8EE9848E9C7F} = {135B8DC3-DC3F-4FB1-99F2-4F2254F877D7}
		{55969202-8FE1-4C7D-B2AC-9B045699C776} = {135B8DC3-DC3F-4FB1-99F2-4F2254F877D7}
		{D0EBB168-4A22-4D4F-9E7F-9D033B66EA39} = {E8A85A4E-7BAA-40E6-B649-BD7AFE41D710}
		{3C24D7A3-F7F0-4053-8FF0-51FA8AEFB4C5} = {E8A85A4E-7BAA-40E6-B649-BD7AFE41D710}
		{25ABAC28-B715-4394-B268-E1FF8B62ADC3} = {51B964A6-B01C-4C32-9DF1-A2D001BB3D0F}
		{1C0C28DD-0677-4221-B17D-E2042C710557} = {E8A85A4E-7BAA-40E6-B649-BD7AFE41D710}
		{F83EEB62-8DB3-4D2B-A101-38FD32EB6B76} = {A45C48C4-B44F-49ED-B460-0F3AE67F3DE7}
		{1B920AE1-1094-4B3D-87C2-4878DBA9445C} = {A45C48C4-B44F-49ED-B460-0F3AE67F3DE7}
		{51B964A6-B01C-4C32-9DF1-A2D001BB3D0F} = {84BFA5AF-8E07-4D2A-A1A5-79E886BDAF2F}
		{1A2CC735-2DF0-4777-821F-93028BE7C570} = {55969202-8FE1-4C7D-B2AC-9B045699C776}
		{34982540-9682-4286-B4E7-2EA9722971BF} = {E8A85A4E-7BAA-40E6-B649-BD7AFE41D710}
		{A76F23D4-93A2-481E-A662-57CC4191700E} = {A45C48C4-B44F-49ED-B460-0F3AE67F3DE7}
		{DBB4ED28-F5F8-4C10-A311-CD802834D153} = {51B964A6-B01C-4C32-9DF1-A2D001BB3D0F}
	EndGlobalSection
	GlobalSection(ExtensibilityGlobals) = postSolution
		SolutionGuid = {2A9A5421-BA3D-42C0-89A5-852F9C64A69A}
	EndGlobalSection
EndGlobal
